
Microsoft Visual Studio Solution File, Format Version 12.00
# Visual Studio Version 17
VisualStudioVersion = 17.1.32421.90
MinimumVisualStudioVersion = 10.0.40219.1
Project("{9A19103F-16F7-4668-BE54-9A1E7A4F7556}") = "WeatherForecastNTiers", "WeatherForecastNTiers\WeatherForecastNTiers.csproj", "{530B270F-9DC3-45A1-AB2A-EF0638007319}"
EndProject
Project("{9A19103F-16F7-4668-BE54-9A1E7A4F7556}") = "WeatherForecastNTiers.UnitTests", "WeatherForecastNTiers.UnitTests\WeatherForecastNTiers.UnitTests.csproj", "{01A2C055-83B1-4BF5-BF88-E0BB9176A2AD}"
EndProject
Project("{9A19103F-16F7-4668-BE54-9A1E7A4F7556}") = "WeatherForecastNTiers.Business", "WeatherForecastNTiers.Business\WeatherForecastNTiers.Business.csproj", "{8BA0353A-2B11-409F-AF9B-DCEE9C19F44C}"
EndProject
Project("{9A19103F-16F7-4668-BE54-9A1E7A4F7556}") = "WeatherForecastNTiers.DataAccess", "WeatherForecastNTiers.DataAccess\WeatherForecastNTiers.DataAccess.csproj", "{CE918BF2-06D8-4E3A-A155-9A8FD5E79C5A}"
EndProject
Project("{9A19103F-16F7-4668-BE54-9A1E7A4F7556}") = "WeatherForecastNTiers.Common", "WeatherForecastNTiers.Common\WeatherForecastNTiers.Common.csproj", "{558765BF-FF70-4E15-B460-6AB0235E1584}"
EndProject
Global
	GlobalSection(SolutionConfigurationPlatforms) = preSolution
		Debug|Any CPU = Debug|Any CPU
		Release|Any CPU = Release|Any CPU
	EndGlobalSection
	GlobalSection(ProjectConfigurationPlatforms) = postSolution
		{530B270F-9DC3-45A1-AB2A-EF0638007319}.Debug|Any CPU.ActiveCfg = Debug|Any CPU
		{530B270F-9DC3-45A1-AB2A-EF0638007319}.Debug|Any CPU.Build.0 = Debug|Any CPU
		{530B270F-9DC3-45A1-AB2A-EF0638007319}.Release|Any CPU.ActiveCfg = Release|Any CPU
		{530B270F-9DC3-45A1-AB2A-EF0638007319}.Release|Any CPU.Build.0 = Release|Any CPU
		{01A2C055-83B1-4BF5-BF88-E0BB9176A2AD}.Debug|Any CPU.ActiveCfg = Debug|Any CPU
		{01A2C055-83B1-4BF5-BF88-E0BB9176A2AD}.Debug|Any CPU.Build.0 = Debug|Any CPU
		{01A2C055-83B1-4BF5-BF88-E0BB9176A2AD}.Release|Any CPU.ActiveCfg = Release|Any CPU
		{01A2C055-83B1-4BF5-BF88-E0BB9176A2AD}.Release|Any CPU.Build.0 = Release|Any CPU
		{8BA0353A-2B11-409F-AF9B-DCEE9C19F44C}.Debug|Any CPU.ActiveCfg = Debug|Any CPU
		{8BA0353A-2B11-409F-AF9B-DCEE9C19F44C}.Debug|Any CPU.Build.0 = Debug|Any CPU
		{8BA0353A-2B11-409F-AF9B-DCEE9C19F44C}.Release|Any CPU.ActiveCfg = Release|Any CPU
		{8BA0353A-2B11-409F-AF9B-DCEE9C19F44C}.Release|Any CPU.Build.0 = Release|Any CPU
		{CE918BF2-06D8-4E3A-A155-9A8FD5E79C5A}.Debug|Any CPU.ActiveCfg = Debug|Any CPU
		{CE918BF2-06D8-4E3A-A155-9A8FD5E79C5A}.Debug|Any CPU.Build.0 = Debug|Any CPU
		{CE918BF2-06D8-4E3A-A155-9A8FD5E79C5A}.Release|Any CPU.ActiveCfg = Release|Any CPU
		{CE918BF2-06D8-4E3A-A155-9A8FD5E79C5A}.Release|Any CPU.Build.0 = Release|Any CPU
		{558765BF-FF70-4E15-B460-6AB0235E1584}.Debug|Any CPU.ActiveCfg = Debug|Any CPU
		{558765BF-FF70-4E15-B460-6AB0235E1584}.Debug|Any CPU.Build.0 = Debug|Any CPU
		{558765BF-FF70-4E15-B460-6AB0235E1584}.Release|Any CPU.ActiveCfg = Release|Any CPU
		{558765BF-FF70-4E15-B460-6AB0235E1584}.Release|Any CPU.Build.0 = Release|Any CPU
	EndGlobalSection
	GlobalSection(SolutionProperties) = preSolution
		HideSolutionNode = FALSE
	EndGlobalSection
	GlobalSection(ExtensibilityGlobals) = postSolution
		SolutionGuid = {913C0302-89BE-4F5A-BF74-B442D14E187D}
	EndGlobalSection
EndGlobal
